# THIS IS AN AUTOGENERATED FILE. DO NOT EDIT THIS FILE DIRECTLY.
# yarn lockfile v1


zlib@^1.0.5:
  version "1.0.5"
  resolved "https://registry.npmjs.org/zlib/-/zlib-1.0.5.tgz#6e7c972fc371c645a6afb03ab14769def114fcc0"
  integrity sha512-40fpE2II+Cd3k8HWTWONfeKE2jL+P42iWJ1zzps5W51qcTsOUKM5Q5m2PFb0CLxlmFAaUuUdJGc3OfZy947v0w==
